<Solution>
  <Folder Name="/src/">
    <Project Path="CubeWorld.Server/CubeWorld.Server.csproj" />
    <Project Path="CubeWorld.Refill/CubeWorld.Refill.csproj" />
    <Project Path="CubeWorld.Drop/CubeWorld.Drop.csproj" />
    <Project Path="CubeWorld.Reset/CubeWorld.Reset.csproj" />
  </Folder>
  <Folder Name="/tests/">
    <Project Path="CubeWorld.Tests/CubeWorld.Tests.csproj" />
  </Folder>
</Solution>
